
Microsoft Visual Studio Solution File, Format Version 12.00
# Visual Studio Version 17
VisualStudioVersion = 17.1.32414.318
MinimumVisualStudioVersion = 10.0.40219.1
Project("{9A19103F-16F7-4668-BE54-9A1E7A4F7556}") = "Boboom", "Boboom\Boboom.csproj", "{66BD9441-6AF2-46F8-A0B7-A4BBA3B20D19}"
EndProject
Project("{9A19103F-16F7-4668-BE54-9A1E7A4F7556}") = "Boboom.Demo", "Boboom.Demo\Boboom.Demo.csproj", "{E871CAD1-B4BF-4086-823A-2A3DFB1C4AD1}"
EndProject
Global
	GlobalSection(SolutionConfigurationPlatforms) = preSolution
		Debug|Any CPU = Debug|Any CPU
		Release|Any CPU = Release|Any CPU
	EndGlobalSection
	GlobalSection(ProjectConfigurationPlatforms) = postSolution
		{66BD9441-6AF2-46F8-A0B7-A4BBA3B20D19}.Debug|Any CPU.ActiveCfg = Debug|Any CPU
		{66BD9441-6AF2-46F8-A0B7-A4BBA3B20D19}.Debug|Any CPU.Build.0 = Debug|Any CPU
		{66BD9441-6AF2-46F8-A0B7-A4BBA3B20D19}.Release|Any CPU.ActiveCfg = Release|Any CPU
		{66BD9441-6AF2-46F8-A0B7-A4BBA3B20D19}.Release|Any CPU.Build.0 = Release|Any CPU
		{E871CAD1-B4BF-4086-823A-2A3DFB1C4AD1}.Debug|Any CPU.ActiveCfg = Debug|Any CPU
		{E871CAD1-B4BF-4086-823A-2A3DFB1C4AD1}.Debug|Any CPU.Build.0 = Debug|Any CPU
		{E871CAD1-B4BF-4086-823A-2A3DFB1C4AD1}.Release|Any CPU.ActiveCfg = Release|Any CPU
		{E871CAD1-B4BF-4086-823A-2A3DFB1C4AD1}.Release|Any CPU.Build.0 = Release|Any CPU
	EndGlobalSection
	GlobalSection(SolutionProperties) = preSolution
		HideSolutionNode = FALSE
	EndGlobalSection
	GlobalSection(ExtensibilityGlobals) = postSolution
		SolutionGuid = {EE3D71EB-3328-47F7-8DEF-5CD5A2CA716B}
	EndGlobalSection
EndGlobal
